lockfileVersion: '9.0'

settings:
  autoInstallPeers: true
  excludeLinksFromLockfile: false

importers:

  .:
    dependencies:
      react:
        specifier: ^18.2.0
        version: 18.2.0
      react-dom:
        specifier: ^18.2.0
        version: 18.2.0(react@18.2.0)
      styled-components:
        specifier: ^5.3.9
        version: 5.3.9(react-dom@18.2.0(react@18.2.0))(react-is@18.2.0)(react@18.2.0)
    devDependencies:
      '@dwidge/buildy':
        specifier: ^0.1.8
        version: 0.1.8
      '@types/react':
        specifier: ^18.0.34
        version: 18.0.34
      '@types/react-dom':
        specifier: ^18.0.11
        version: 18.0.11
      '@types/styled-components':
        specifier: ^5.1.26
        version: 5.1.26

packages:

  '@babel/code-frame@7.21.4':
    resolution: {integrity: sha512-LYvhNKfwWSPpocw8GI7gpK2nq3HSDuEPC/uSYaALSJu9xjsalaaYFOq0Pwt5KmVqwEbZlDu81aLXwBOmD/Fv9g==}
    engines: {node: '>=6.9.0'}

  '@babel/generator@7.21.9':
    resolution: {integrity: sha512-F3fZga2uv09wFdEjEQIJxXALXfz0+JaOb7SabvVMmjHxeVTuGW8wgE8Vp1Hd7O+zMTYtcfEISGRzPkeiaPPsvg==}
    engines: {node: '>=6.9.0'}

  '@babel/helper-annotate-as-pure@7.18.6':
    resolution: {integrity: sha512-duORpUiYrEpzKIop6iNbjnwKLAKnJ47csTyRACyEmWj0QdUrm5aqNJGHSSEQSUAvNW0ojX0dOmK9dZduvkfeXA==}
    engines: {node: '>=6.9.0'}

  '@babel/helper-environment-visitor@7.21.5':
    resolution: {integrity: sha512-IYl4gZ3ETsWocUWgsFZLM5i1BYx9SoemminVEXadgLBa9TdeorzgLKm8wWLA6J1N/kT3Kch8XIk1laNzYoHKvQ==}
    engines: {node: '>=6.9.0'}

  '@babel/helper-function-name@7.21.0':
    resolution: {integrity: sha512-HfK1aMRanKHpxemaY2gqBmL04iAPOPRj7DxtNbiDOrJK+gdwkiNRVpCpUJYbUT+aZyemKN8brqTOxzCaG6ExRg==}
    engines: {node: '>=6.9.0'}

  '@babel/helper-hoist-variables@7.18.6':
    resolution: {integrity: sha512-UlJQPkFqFULIcyW5sbzgbkxn2FKRgwWiRexcuaR8RNJRy8+LLveqPjwZV/bwrLZCN0eUHD/x8D0heK1ozuoo6Q==}
    engines: {node: '>=6.9.0'}

  '@babel/helper-module-imports@7.21.4':
    resolution: {integrity: sha512-orajc5T2PsRYUN3ZryCEFeMDYwyw09c/pZeaQEZPH0MpKzSvn3e0uXsDBu3k03VI+9DBiRo+l22BfKTpKwa/Wg==}
    engines: {node: '>=6.9.0'}

  '@babel/helper-split-export-declaration@7.18.6':
    resolution: {integrity: sha512-bde1etTx6ZyTmobl9LLMMQsaizFVZrquTEHOqKeQESMKo4PlObf+8+JA25ZsIpZhT/WEd39+vOdLXAFG/nELpA==}
    engines: {node: '>=6.9.0'}

  '@babel/helper-string-parser@7.21.5':
    resolution: {integrity: sha512-5pTUx3hAJaZIdW99sJ6ZUUgWq/Y+Hja7TowEnLNMm1VivRgZQL3vpBY3qUACVsvw+yQU6+YgfBVmcbLaZtrA1w==}
    engines: {node: '>=6.9.0'}

  '@babel/helper-validator-identifier@7.19.1':
    resolution: {integrity: sha512-awrNfaMtnHUr653GgGEs++LlAvW6w+DcPrOliSMXWCKo597CwL5Acf/wWdNkf/tfEQE3mjkeD1YOVZOUV/od1w==}
    engines: {node: '>=6.9.0'}

  '@babel/highlight@7.18.6':
    resolution: {integrity: sha512-u7stbOuYjaPezCuLj29hNW1v64M2Md2qupEKP1fHc7WdOA3DgLh37suiSrZYY7haUB7iBeQZ9P1uiRF359do3g==}
    engines: {node: '>=6.9.0'}

  '@babel/parser@7.21.9':
    resolution: {integrity: sha512-q5PNg/Bi1OpGgx5jYlvWZwAorZepEudDMCLtj967aeS7WMont7dUZI46M2XwcIQqvUlMxWfdLFu4S/qSxeUu5g==}
    engines: {node: '>=6.0.0'}
    hasBin: true

  '@babel/template@7.21.9':
    resolution: {integrity: sha512-MK0X5k8NKOuWRamiEfc3KEJiHMTkGZNUjzMipqCGDDc6ijRl/B7RGSKVGncu4Ro/HdyzzY6cmoXuKI2Gffk7vQ==}
    engines: {node: '>=6.9.0'}

  '@babel/traverse@7.21.5':
    resolution: {integrity: sha512-AhQoI3YjWi6u/y/ntv7k48mcrCXmus0t79J9qPNlk/lAsFlCiJ047RmbfMOawySTHtywXhbXgpx/8nXMYd+oFw==}
    engines: {node: '>=6.9.0'}

  '@babel/types@7.21.5':
    resolution: {integrity: sha512-m4AfNvVF2mVC/F7fDEdH2El3HzUg9It/XsCxZiOTTA3m3qYfcSVSbTfM6Q9xG+hYDniZssYhlXKKUMD5m8tF4Q==}
    engines: {node: '>=6.9.0'}

  '@dwidge/buildy@0.1.8':
    resolution: {integrity: sha512-F7YhL9d9ZFX5m0xuVCGlCWRoRSLZOjJu/b648QxPFn8gNbIziT51qcFffTdj1gDVoAxDjbu4fzLJHvnS3qyrkw==, tarball: https://npm.pkg.github.com/download/@dwidge/buildy/0.1.8/ec13aa6643d3b20ab3a43034766f3b46e7e2fd57}
    engines: {node: '>=20'}
    hasBin: true

  '@emotion/is-prop-valid@1.2.1':
    resolution: {integrity: sha512-61Mf7Ufx4aDxx1xlDeOm8aFFigGHE4z+0sKCa+IHCeZKiyP9RLD0Mmx7m8b9/Cf37f7NAvQOOJAbQQGVr5uERw==}

  '@emotion/memoize@0.8.1':
    resolution: {integrity: sha512-W2P2c/VRW1/1tLox0mVUalvnWXxavmv/Oum2aPsRcoDJuob75FC3Y8FbpfLwUegRcxINtGUMPq0tFCvYNTBXNA==}

  '@emotion/stylis@0.8.5':
    resolution: {integrity: sha512-h6KtPihKFn3T9fuIrwvXXUOwlx3rfUvfZIcP5a6rh8Y7zjE3O06hT5Ss4S/YI1AYhuZ1kjaE/5EaOOI2NqSylQ==}

  '@emotion/unitless@0.7.5':
    resolution: {integrity: sha512-OWORNpfjMsSSUBVrRBVGECkhWcULOAJz9ZW8uK9qgxD+87M7jHRcvh/A96XXNhXTLmKcoYSQtBEX7lHMO7YRwg==}

  '@esbuild/android-arm64@0.17.19':
    resolution: {integrity: sha512-KBMWvEZooR7+kzY0BtbTQn0OAYY7CsiydT63pVEaPtVYF0hXbUaOyZog37DKxK7NF3XacBJOpYT4adIJh+avxA==}
    engines: {node: '>=12'}
    cpu: [arm64]
    os: [android]

  '@esbuild/android-arm@0.17.19':
    resolution: {integrity: sha512-rIKddzqhmav7MSmoFCmDIb6e2W57geRsM94gV2l38fzhXMwq7hZoClug9USI2pFRGL06f4IOPHHpFNOkWieR8A==}
    engines: {node: '>=12'}
    cpu: [arm]
    os: [android]

  '@esbuild/android-x64@0.17.19':
    resolution: {integrity: sha512-uUTTc4xGNDT7YSArp/zbtmbhO0uEEK9/ETW29Wk1thYUJBz3IVnvgEiEwEa9IeLyvnpKrWK64Utw2bgUmDveww==}
    engines: {node: '>=12'}
    cpu: [x64]
    os: [android]

  '@esbuild/darwin-arm64@0.17.19':
    resolution: {integrity: sha512-80wEoCfF/hFKM6WE1FyBHc9SfUblloAWx6FJkFWTWiCoht9Mc0ARGEM47e67W9rI09YoUxJL68WHfDRYEAvOhg==}
    engines: {node: '>=12'}
    cpu: [arm64]
    os: [darwin]

  '@esbuild/darwin-x64@0.17.19':
    resolution: {integrity: sha512-IJM4JJsLhRYr9xdtLytPLSH9k/oxR3boaUIYiHkAawtwNOXKE8KoU8tMvryogdcT8AU+Bflmh81Xn6Q0vTZbQw==}
    engines: {node: '>=12'}
    cpu: [x64]
    os: [darwin]

  '@esbuild/freebsd-arm64@0.17.19':
    resolution: {integrity: sha512-pBwbc7DufluUeGdjSU5Si+P3SoMF5DQ/F/UmTSb8HXO80ZEAJmrykPyzo1IfNbAoaqw48YRpv8shwd1NoI0jcQ==}
    engines: {node: '>=12'}
    cpu: [arm64]
    os: [freebsd]

  '@esbuild/freebsd-x64@0.17.19':
    resolution: {integrity: sha512-4lu+n8Wk0XlajEhbEffdy2xy53dpR06SlzvhGByyg36qJw6Kpfk7cp45DR/62aPH9mtJRmIyrXAS5UWBrJT6TQ==}
    engines: {node: '>=12'}
    cpu: [x64]
    os: [freebsd]

  '@esbuild/linux-arm64@0.17.19':
    resolution: {integrity: sha512-ct1Tg3WGwd3P+oZYqic+YZF4snNl2bsnMKRkb3ozHmnM0dGWuxcPTTntAF6bOP0Sp4x0PjSF+4uHQ1xvxfRKqg==}
    engines: {node: '>=12'}
    cpu: [arm64]
    os: [linux]

  '@esbuild/linux-arm@0.17.19':
    resolution: {integrity: sha512-cdmT3KxjlOQ/gZ2cjfrQOtmhG4HJs6hhvm3mWSRDPtZ/lP5oe8FWceS10JaSJC13GBd4eH/haHnqf7hhGNLerA==}
    engines: {node: '>=12'}
    cpu: [arm]
    os: [linux]

  '@esbuild/linux-ia32@0.17.19':
    resolution: {integrity: sha512-w4IRhSy1VbsNxHRQpeGCHEmibqdTUx61Vc38APcsRbuVgK0OPEnQ0YD39Brymn96mOx48Y2laBQGqgZ0j9w6SQ==}
    engines: {node: '>=12'}
    cpu: [ia32]
    os: [linux]

  '@esbuild/linux-loong64@0.17.19':
    resolution: {integrity: sha512-2iAngUbBPMq439a+z//gE+9WBldoMp1s5GWsUSgqHLzLJ9WoZLZhpwWuym0u0u/4XmZ3gpHmzV84PonE+9IIdQ==}
    engines: {node: '>=12'}
    cpu: [loong64]
    os: [linux]

  '@esbuild/linux-mips64el@0.17.19':
    resolution: {integrity: sha512-LKJltc4LVdMKHsrFe4MGNPp0hqDFA1Wpt3jE1gEyM3nKUvOiO//9PheZZHfYRfYl6AwdTH4aTcXSqBerX0ml4A==}
    engines: {node: '>=12'}
    cpu: [mips64el]
    os: [linux]

  '@esbuild/linux-ppc64@0.17.19':
    resolution: {integrity: sha512-/c/DGybs95WXNS8y3Ti/ytqETiW7EU44MEKuCAcpPto3YjQbyK3IQVKfF6nbghD7EcLUGl0NbiL5Rt5DMhn5tg==}
    engines: {node: '>=12'}
    cpu: [ppc64]
    os: [linux]

  '@esbuild/linux-riscv64@0.17.19':
    resolution: {integrity: sha512-FC3nUAWhvFoutlhAkgHf8f5HwFWUL6bYdvLc/TTuxKlvLi3+pPzdZiFKSWz/PF30TB1K19SuCxDTI5KcqASJqA==}
    engines: {node: '>=12'}
    cpu: [riscv64]
    os: [linux]

  '@esbuild/linux-s390x@0.17.19':
    resolution: {integrity: sha512-IbFsFbxMWLuKEbH+7sTkKzL6NJmG2vRyy6K7JJo55w+8xDk7RElYn6xvXtDW8HCfoKBFK69f3pgBJSUSQPr+4Q==}
    engines: {node: '>=12'}
    cpu: [s390x]
    os: [linux]

  '@esbuild/linux-x64@0.17.19':
    resolution: {integrity: sha512-68ngA9lg2H6zkZcyp22tsVt38mlhWde8l3eJLWkyLrp4HwMUr3c1s/M2t7+kHIhvMjglIBrFpncX1SzMckomGw==}
    engines: {node: '>=12'}
    cpu: [x64]
    os: [linux]

  '@esbuild/netbsd-x64@0.17.19':
    resolution: {integrity: sha512-CwFq42rXCR8TYIjIfpXCbRX0rp1jo6cPIUPSaWwzbVI4aOfX96OXY8M6KNmtPcg7QjYeDmN+DD0Wp3LaBOLf4Q==}
    engines: {node: '>=12'}
    cpu: [x64]
    os: [netbsd]

  '@esbuild/openbsd-x64@0.17.19':
    resolution: {integrity: sha512-cnq5brJYrSZ2CF6c35eCmviIN3k3RczmHz8eYaVlNasVqsNY+JKohZU5MKmaOI+KkllCdzOKKdPs762VCPC20g==}
    engines: {node: '>=12'}
    cpu: [x64]
    os: [openbsd]

  '@esbuild/sunos-x64@0.17.19':
    resolution: {integrity: sha512-vCRT7yP3zX+bKWFeP/zdS6SqdWB8OIpaRq/mbXQxTGHnIxspRtigpkUcDMlSCOejlHowLqII7K2JKevwyRP2rg==}
    engines: {node: '>=12'}
    cpu: [x64]
    os: [sunos]

  '@esbuild/win32-arm64@0.17.19':
    resolution: {integrity: sha512-yYx+8jwowUstVdorcMdNlzklLYhPxjniHWFKgRqH7IFlUEa0Umu3KuYplf1HUZZ422e3NU9F4LGb+4O0Kdcaag==}
    engines: {node: '>=12'}
    cpu: [arm64]
    os: [win32]

  '@esbuild/win32-ia32@0.17.19':
    resolution: {integrity: sha512-eggDKanJszUtCdlVs0RB+h35wNlb5v4TWEkq4vZcmVt5u/HiDZrTXe2bWFQUez3RgNHwx/x4sk5++4NSSicKkw==}
    engines: {node: '>=12'}
    cpu: [ia32]
    os: [win32]

  '@esbuild/win32-x64@0.17.19':
    resolution: {integrity: sha512-lAhycmKnVOuRYNtRtatQR1LPQf2oYCkRGkSFnseDAKPl8lu5SOsK/e1sXe5a0Pc5kHIHe6P2I/ilntNv2xf3cA==}
    engines: {node: '>=12'}
    cpu: [x64]
    os: [win32]

  '@jridgewell/gen-mapping@0.3.3':
    resolution: {integrity: sha512-HLhSWOLRi875zjjMG/r+Nv0oCW8umGb0BgEhyX3dDX3egwZtB8PqLnjz3yedt8R5StBrzcg4aBpnh8UA9D1BoQ==}
    engines: {node: '>=6.0.0'}

  '@jridgewell/resolve-uri@3.1.0':
    resolution: {integrity: sha512-F2msla3tad+Mfht5cJq7LSXcdudKTWCVYUgw6pLFOOHSTtZlj6SWNYAp+AhuqLmWdBO2X5hPrLcu8cVP8fy28w==}
    engines: {node: '>=6.0.0'}

  '@jridgewell/set-array@1.1.2':
    resolution: {integrity: sha512-xnkseuNADM0gt2bs+BvhO0p78Mk762YnZdsuzFV018NoG1Sj1SCQvpSqa7XUaTam5vAGasABV9qXASMKnFMwMw==}
    engines: {node: '>=6.0.0'}

  '@jridgewell/sourcemap-codec@1.4.14':
    resolution: {integrity: sha512-XPSJHWmi394fuUuzDnGz1wiKqWfo1yXecHQMRf2l6hztTO+nPru658AyDngaBe7isIxEkRsPR3FZh+s7iVa4Uw==}

  '@jridgewell/sourcemap-codec@1.4.15':
    resolution: {integrity: sha512-eF2rxCRulEKXHTRiDrDy6erMYWqNw4LPdQ8UQA4huuxaQsVeRPFl2oM8oDGxMFhJUWZf9McpLtJasDDZb/Bpeg==}

  '@jridgewell/trace-mapping@0.3.18':
    resolution: {integrity: sha512-w+niJYzMHdd7USdiH2U6869nqhD2nbfZXND5Yp93qIbEmnDNk7PD48o+YchRVpzMU7M6jVCbenTR7PA1FLQ9pA==}

  '@types/hoist-non-react-statics@3.3.1':
    resolution: {integrity: sha512-iMIqiko6ooLrTh1joXodJK5X9xeEALT1kM5G3ZLhD3hszxBdIEd5C75U834D9mLcINgD4OyZf5uQXjkuYydWvA==}

  '@types/prop-types@15.7.5':
    resolution: {integrity: sha512-JCB8C6SnDoQf0cNycqd/35A7MjcnK+ZTqE7judS6o7utxUCg6imJg3QK2qzHKszlTjcj2cn+NwMB2i96ubpj7w==}

  '@types/react-dom@18.0.11':
    resolution: {integrity: sha512-O38bPbI2CWtgw/OoQoY+BRelw7uysmXbWvw3nLWO21H1HSh+GOlqPuXshJfjmpNlKiiSDG9cc1JZAaMmVdcTlw==}

  '@types/react@18.0.34':
    resolution: {integrity: sha512-NO1UO8941541CJl1BeOXi8a9dNKFK09Gnru5ZJqkm4Q3/WoQJtHvmwt0VX0SB9YCEwe7TfSSxDuaNmx6H2BAIQ==}

  '@types/scheduler@0.16.3':
    resolution: {integrity: sha512-5cJ8CB4yAx7BH1oMvdU0Jh9lrEXyPkar6F9G/ERswkCuvP4KQZfZkSjcMbAICCpQTN4OuZn8tz0HiKv9TGZgrQ==}

  '@types/styled-components@5.1.26':
    resolution: {integrity: sha512-KuKJ9Z6xb93uJiIyxo/+ksS7yLjS1KzG6iv5i78dhVg/X3u5t1H7juRWqVmodIdz6wGVaIApo1u01kmFRdJHVw==}

  ansi-styles@3.2.1:
    resolution: {integrity: sha512-VT0ZI6kZRdTh8YyJw3SMbYm/u+NqfsAxEpWO0Pf9sq8/e94WxxOpPKx9FR1FlyCtOVDNOQ+8ntlqFxiRc+r5qA==}
    engines: {node: '>=4'}

  async@2.6.4:
    resolution: {integrity: sha512-mzo5dfJYwAn29PeiJ0zvwTo04zj8HDJj0Mn8TD7sno7q12prdbnasKJHhkm2c1LgrhlJ0teaea8860oxi51mGA==}

  babel-plugin-styled-components@2.1.3:
    resolution: {integrity: sha512-jBioLwBVHpOMU4NsueH/ADcHrjS0Y/WTpt2eGVmmuSFNEv2DF3XhcMncuZlbbjxQ4vzxg+yEr6E6TNjrIQbsJQ==}
    peerDependencies:
      styled-components: '>= 2'

  babel-plugin-syntax-jsx@6.18.0:
    resolution: {integrity: sha512-qrPaCSo9c8RHNRHIotaufGbuOBN8rtdC4QrrFFc43vyWCCz7Kl7GL1PGaXtMGQZUXrkCjNEgxDfmAuAabr/rlw==}

  camelize@1.0.1:
    resolution: {integrity: sha512-dU+Tx2fsypxTgtLoE36npi3UqcjSSMNYfkqgmoEhtZrraP5VWq0K7FkWVTYa8eMPtnU/G2txVsfdCJTn9uzpuQ==}

  chalk@2.4.2:
    resolution: {integrity: sha512-Mti+f9lpJNcwF4tWV8/OrTTtF1gZi+f8FqlyAdouralcFWFQWF2+NgCHShjkCb+IFBLq9buZwE1xckQU4peSuQ==}
    engines: {node: '>=4'}

  color-convert@1.9.3:
    resolution: {integrity: sha512-QfAUtd+vFdAtFQcC8CCyYt1fYWxSqAiK2cSD6zDB8N3cpsEBAvRxp9zOGg6G/SHHJYAT88/az/IuDGALsNVbGg==}

  color-name@1.1.3:
    resolution: {integrity: sha512-72fSenhMw2HZMTVHeCA9KCmpEIbzWiQsjN+BHcBbS9vr1mtt+vJjPdksIBNUmKAW8TFUDPJK5SUU3QhE9NEXDw==}

  css-color-keywords@1.0.0:
    resolution: {integrity: sha512-FyyrDHZKEjXDpNJYvVsV960FiqQyXc/LlYmsxl2BcdMb2WPx0OGRVgTg55rPSyLSNMqP52R9r8geSp7apN3Ofg==}
    engines: {node: '>=4'}

  css-to-react-native@3.2.0:
    resolution: {integrity: sha512-e8RKaLXMOFii+02mOlqwjbD00KSEKqblnpO9e++1aXS1fPQOpS1YoqdVHBqPjHNoxeF2mimzVqawm2KCbEdtHQ==}

  csstype@3.1.2:
    resolution: {integrity: sha512-I7K1Uu0MBPzaFKg4nI5Q7Vs2t+3gWWW648spaF+Rg7pI9ds18Ugn+lvg4SHczUdKlHI5LWBXyqfS8+DufyBsgQ==}

  debug@3.2.7:
    resolution: {integrity: sha512-CFjzYYAi4ThfiQvizrFQevTTXHtnCqWfe7x1AhgEscTz6ZbLbfoLRLPugTQyBth6f8ZERVUSyWHFD/7Wu4t1XQ==}
    peerDependencies:
      supports-color: '*'
    peerDependenciesMeta:
      supports-color:
        optional: true

  debug@4.3.4:
    resolution: {integrity: sha512-PRWFHuSU3eDtQJPvnNY7Jcket1j0t5OuOsFzPPzsekD52Zl8qUfFIPEiswXqIvHWGVHOgX+7G/vCNNhehwxfkQ==}
    engines: {node: '>=6.0'}
    peerDependencies:
      supports-color: '*'
    peerDependenciesMeta:
      supports-color:
        optional: true

  esbuild@0.17.19:
    resolution: {integrity: sha512-XQ0jAPFkK/u3LcVRcvVHQcTIqD6E2H1fvZMA5dQPSOWb3suUbWbfbRf94pjc0bNzRYLfIrDRQXr7X+LHIm5oHw==}
    engines: {node: '>=12'}
    hasBin: true

  escape-string-regexp@1.0.5:
    resolution: {integrity: sha512-vbRorB5FUQWvla16U8R/qgaFIya2qGzwDrNmCZuYKrbdSUMG6I1ZCGQRefkRVhuOkIGVne7BQ35DSfo1qvJqFg==}
    engines: {node: '>=0.8.0'}

  globals@11.12.0:
    resolution: {integrity: sha512-WOBp/EEGUiIsJSp7wcv/y6MO+lV9UoncWqxuFfm8eBwzWNgyfBd6Gz+IeKQ9jCmyhoH99g15M3T+QaVHFjizVA==}
    engines: {node: '>=4'}

  has-flag@3.0.0:
    resolution: {integrity: sha512-sKJf1+ceQBr4SMkvQnBDNDtf4TXpVhVGateu0t918bl30FnbE2m4vNLX+VWe/dpjlb+HugGYzW7uQXH98HPEYw==}
    engines: {node: '>=4'}

  hoist-non-react-statics@3.3.2:
    resolution: {integrity: sha512-/gGivxi8JPKWNm/W0jSmzcMPpfpPLc3dY/6GxhX2hQ9iGj3aDfklV4ET7NjKpSinLpJ5vafa9iiGIEZg10SfBw==}

  js-tokens@4.0.0:
    resolution: {integrity: sha512-RdJUflcE3cUzKiMqQgsCu06FPu9UdIJO0beYbPhHN4k6apgJtifcoCtT9bcxOpYBtpD2kCM6Sbzg4CausW/PKQ==}

  jsesc@2.5.2:
    resolution: {integrity: sha512-OYu7XEzjkCQ3C5Ps3QIZsQfNpqoJyZZA99wd9aWd05NCtC5pWOkShK2mkL6HXQR6/Cy2lbNdPlZBpuQHXE63gA==}
    engines: {node: '>=4'}
    hasBin: true

  lodash@4.17.21:
    resolution: {integrity: sha512-v2kDEe57lecTulaDIuNTPy3Ry4gLGJ6Z1O3vE1krgXZNrsQ+LFTGHVxVjcXPs17LhbZVGedAJv8XZ1tvj5FvSg==}

  loose-envify@1.4.0:
    resolution: {integrity: sha512-lyuxPGr/Wfhrlem2CL/UcnUc1zcqKAImBDzukY7Y5F/yQiNdko6+fRLevlw1HgMySw7f611UIY408EtxRSoK3Q==}
    hasBin: true

  minimist@1.2.8:
    resolution: {integrity: sha512-2yyAR8qBkN3YuheJanUpWC5U3bb5osDywNB8RzDVlDwDHbocAJveqqj1u8+SVD7jkWT4yvsHCpWqqWqAxb0zCA==}

  mkdirp@0.5.6:
    resolution: {integrity: sha512-FP+p8RB8OWpF3YZBCrP5gtADmtXApB5AMLn+vdyA+PyxCjrCs00mjyUozssO33cwDeT3wNGdLxJ5M//YqtHAJw==}
    hasBin: true

  ms@2.1.2:
    resolution: {integrity: sha512-sGkPx+VjMtmA6MX27oA4FBFELFCZZ4S4XqeGOXCv68tT+jb3vk/RyaKWP0PTKyWtmLSM0b+adUTEvbs1PEaH2w==}

  ms@2.1.3:
    resolution: {integrity: sha512-6FlzubTLZG3J2a/NVCAleEhjzq5oxgHyaCU9yYXvcLsvoVaHJq/s5xXI6/XXP6tz7R9xAOtHnSO/tXtF3WRTlA==}

  opener@1.5.2:
    resolution: {integrity: sha512-ur5UIdyw5Y7yEj9wLzhqXiy6GZ3Mwx0yGI+5sMn2r0N0v3cKJvUmFH5yPP+WXh9e0xfyzyJX95D8l088DNFj7A==}
    hasBin: true

  picomatch@2.3.1:
    resolution: {integrity: sha512-JU3teHTNjmE2VCGFzuY8EXzCDVwEqB2a8fsIvwaStHhAWJEeVd1o1QD80CU6+ZdEXXSLbSsuLwJjkCBWqRQUVA==}
    engines: {node: '>=8.6'}

  portfinder@1.0.32:
    resolution: {integrity: sha512-on2ZJVVDXRADWE6jnQaX0ioEylzgBpQk8r55NE4wjXW1ZxO+BgDlY6DXwj20i0V8eB4SenDQ00WEaxfiIQPcxg==}
    engines: {node: '>= 0.12.0'}

  postcss-value-parser@4.2.0:
    resolution: {integrity: sha512-1NNCs6uurfkVbeXG4S8JFT9t19m45ICnif8zWLd5oPSZ50QnwMfK+H3jv408d4jw/7Bttv5axS5IiHoLaVNHeQ==}

  react-dom@18.2.0:
    resolution: {integrity: sha512-6IMTriUmvsjHUjNtEDudZfuDQUoWXVxKHhlEGSk81n4YFS+r/Kl99wXiwlVXtPBtJenozv2P+hxDsw9eA7Xo6g==}
    peerDependencies:
      react: ^18.2.0

  react-is@16.13.1:
    resolution: {integrity: sha512-24e6ynE2H+OKt4kqsOvNd8kBpV65zoxbA4BVsEOB3ARVWQki/DHzaUoC5KuON/BiccDaCCTZBuOcfZs70kR8bQ==}

  react-is@18.2.0:
    resolution: {integrity: sha512-xWGDIW6x921xtzPkhiULtthJHoJvBbF3q26fzloPCK0hsvxtPVelvftw3zjbHWSkR2km9Z+4uxbDDK/6Zw9B8w==}

  react@18.2.0:
    resolution: {integrity: sha512-/3IjMdb2L9QbBdWiW5e3P2/npwMBaU9mHCSCUzNln0ZCYbcfTsGbTJrU/kGemdH2IWmB2ioZ+zkxtmq6g09fGQ==}
    engines: {node: '>=0.10.0'}

  scheduler@0.23.0:
    resolution: {integrity: sha512-CtuThmgHNg7zIZWAXi3AsyIzA3n4xx7aNyjwC2VJldO2LMVDhFK+63xGqq6CsJH4rTAt6/M+N4GhZiDYPx9eUw==}

  shallowequal@1.1.0:
    resolution: {integrity: sha512-y0m1JoUZSlPAjXVtPPW70aZWfIL/dSP7AFkRnniLCrK/8MDKog3TySTBmckD+RObVxH0v4Tox67+F14PdED2oQ==}

  styled-components@5.3.9:
    resolution: {integrity: sha512-Aj3kb13B75DQBo2oRwRa/APdB5rSmwUfN5exyarpX+x/tlM/rwZA2vVk2vQgVSP6WKaZJHWwiFrzgHt+CLtB4A==}
    engines: {node: '>=10'}
    peerDependencies:
      react: '>= 16.8.0'
      react-dom: '>= 16.8.0'
      react-is: '>= 16.8.0'

  supports-color@5.5.0:
    resolution: {integrity: sha512-QjVjwdXIt408MIiAqCX4oUKsgU2EqAGzs2Ppkm4aQYbjm+ZEWEcW4SfFNTr4uMNZma0ey4f5lgLrkB0aX0QMow==}
    engines: {node: '>=4'}

  to-fast-properties@2.0.0:
    resolution: {integrity: sha512-/OaKK0xYrs3DmxRYqL/yDc+FxFUVYhDlXMhRmv3z915w2HF1tnN1omB354j8VUGO/hbRzyD6Y3sA7v7GS/ceog==}
    engines: {node: '>=4'}

snapshots:

  '@babel/code-frame@7.21.4':
    dependencies:
      '@babel/highlight': 7.18.6

  '@babel/generator@7.21.9':
    dependencies:
      '@babel/types': 7.21.5
      '@jridgewell/gen-mapping': 0.3.3
      '@jridgewell/trace-mapping': 0.3.18
      jsesc: 2.5.2

  '@babel/helper-annotate-as-pure@7.18.6':
    dependencies:
      '@babel/types': 7.21.5

  '@babel/helper-environment-visitor@7.21.5': {}

  '@babel/helper-function-name@7.21.0':
    dependencies:
      '@babel/template': 7.21.9
      '@babel/types': 7.21.5

  '@babel/helper-hoist-variables@7.18.6':
    dependencies:
      '@babel/types': 7.21.5

  '@babel/helper-module-imports@7.21.4':
    dependencies:
      '@babel/types': 7.21.5

  '@babel/helper-split-export-declaration@7.18.6':
    dependencies:
      '@babel/types': 7.21.5

  '@babel/helper-string-parser@7.21.5': {}

  '@babel/helper-validator-identifier@7.19.1': {}

  '@babel/highlight@7.18.6':
    dependencies:
      '@babel/helper-validator-identifier': 7.19.1
      chalk: 2.4.2
      js-tokens: 4.0.0

  '@babel/parser@7.21.9':
    dependencies:
      '@babel/types': 7.21.5

  '@babel/template@7.21.9':
    dependencies:
      '@babel/code-frame': 7.21.4
      '@babel/parser': 7.21.9
      '@babel/types': 7.21.5

  '@babel/traverse@7.21.5(supports-color@5.5.0)':
    dependencies:
      '@babel/code-frame': 7.21.4
      '@babel/generator': 7.21.9
      '@babel/helper-environment-visitor': 7.21.5
      '@babel/helper-function-name': 7.21.0
      '@babel/helper-hoist-variables': 7.18.6
      '@babel/helper-split-export-declaration': 7.18.6
      '@babel/parser': 7.21.9
      '@babel/types': 7.21.5
      debug: 4.3.4(supports-color@5.5.0)
      globals: 11.12.0
    transitivePeerDependencies:
      - supports-color

  '@babel/types@7.21.5':
    dependencies:
      '@babel/helper-string-parser': 7.21.5
      '@babel/helper-validator-identifier': 7.19.1
      to-fast-properties: 2.0.0

  '@dwidge/buildy@0.1.8':
    dependencies:
      esbuild: 0.17.19
      opener: 1.5.2
      portfinder: 1.0.32
    transitivePeerDependencies:
      - supports-color

  '@emotion/is-prop-valid@1.2.1':
    dependencies:
      '@emotion/memoize': 0.8.1

  '@emotion/memoize@0.8.1': {}

  '@emotion/stylis@0.8.5': {}

  '@emotion/unitless@0.7.5': {}

  '@esbuild/android-arm64@0.17.19':
    optional: true

  '@esbuild/android-arm@0.17.19':
    optional: true

  '@esbuild/android-x64@0.17.19':
    optional: true

  '@esbuild/darwin-arm64@0.17.19':
    optional: true

  '@esbuild/darwin-x64@0.17.19':
    optional: true

  '@esbuild/freebsd-arm64@0.17.19':
    optional: true

  '@esbuild/freebsd-x64@0.17.19':
    optional: true

  '@esbuild/linux-arm64@0.17.19':
    optional: true

  '@esbuild/linux-arm@0.17.19':
    optional: true

  '@esbuild/linux-ia32@0.17.19':
    optional: true

  '@esbuild/linux-loong64@0.17.19':
    optional: true

  '@esbuild/linux-mips64el@0.17.19':
    optional: true

  '@esbuild/linux-ppc64@0.17.19':
    optional: true

  '@esbuild/linux-riscv64@0.17.19':
    optional: true

  '@esbuild/linux-s390x@0.17.19':
    optional: true

  '@esbuild/linux-x64@0.17.19':
    optional: true

  '@esbuild/netbsd-x64@0.17.19':
    optional: true

  '@esbuild/openbsd-x64@0.17.19':
    optional: true

  '@esbuild/sunos-x64@0.17.19':
    optional: true

  '@esbuild/win32-arm64@0.17.19':
    optional: true

  '@esbuild/win32-ia32@0.17.19':
    optional: true

  '@esbuild/win32-x64@0.17.19':
    optional: true

  '@jridgewell/gen-mapping@0.3.3':
    dependencies:
      '@jridgewell/set-array': 1.1.2
      '@jridgewell/sourcemap-codec': 1.4.15
      '@jridgewell/trace-mapping': 0.3.18

  '@jridgewell/resolve-uri@3.1.0': {}

  '@jridgewell/set-array@1.1.2': {}

  '@jridgewell/sourcemap-codec@1.4.14': {}

  '@jridgewell/sourcemap-codec@1.4.15': {}

  '@jridgewell/trace-mapping@0.3.18':
    dependencies:
      '@jridgewell/resolve-uri': 3.1.0
      '@jridgewell/sourcemap-codec': 1.4.14

  '@types/hoist-non-react-statics@3.3.1':
    dependencies:
      '@types/react': 18.0.34
      hoist-non-react-statics: 3.3.2

  '@types/prop-types@15.7.5': {}

  '@types/react-dom@18.0.11':
    dependencies:
      '@types/react': 18.0.34

  '@types/react@18.0.34':
    dependencies:
      '@types/prop-types': 15.7.5
      '@types/scheduler': 0.16.3
      csstype: 3.1.2

  '@types/scheduler@0.16.3': {}

  '@types/styled-components@5.1.26':
    dependencies:
      '@types/hoist-non-react-statics': 3.3.1
      '@types/react': 18.0.34
      csstype: 3.1.2

  ansi-styles@3.2.1:
    dependencies:
      color-convert: 1.9.3

  async@2.6.4:
    dependencies:
      lodash: 4.17.21

  babel-plugin-styled-components@2.1.3(styled-components@5.3.9(react-dom@18.2.0(react@18.2.0))(react-is@18.2.0)(react@18.2.0)):
    dependencies:
      '@babel/helper-annotate-as-pure': 7.18.6
      '@babel/helper-module-imports': 7.21.4
      babel-plugin-syntax-jsx: 6.18.0
      lodash: 4.17.21
      picomatch: 2.3.1
      styled-components: 5.3.9(react-dom@18.2.0(react@18.2.0))(react-is@18.2.0)(react@18.2.0)

  babel-plugin-syntax-jsx@6.18.0: {}

  camelize@1.0.1: {}

  chalk@2.4.2:
    dependencies:
      ansi-styles: 3.2.1
      escape-string-regexp: 1.0.5
      supports-color: 5.5.0

  color-convert@1.9.3:
    dependencies:
      color-name: 1.1.3

  color-name@1.1.3: {}

  css-color-keywords@1.0.0: {}

  css-to-react-native@3.2.0:
    dependencies:
      camelize: 1.0.1
      css-color-keywords: 1.0.0
      postcss-value-parser: 4.2.0

  csstype@3.1.2: {}

  debug@3.2.7:
    dependencies:
      ms: 2.1.3

  debug@4.3.4(supports-color@5.5.0):
    dependencies:
      ms: 2.1.2
    optionalDependencies:
      supports-color: 5.5.0

  esbuild@0.17.19:
    optionalDependencies:
      '@esbuild/android-arm': 0.17.19
      '@esbuild/android-arm64': 0.17.19
      '@esbuild/android-x64': 0.17.19
      '@esbuild/darwin-arm64': 0.17.19
      '@esbuild/darwin-x64': 0.17.19
      '@esbuild/freebsd-arm64': 0.17.19
      '@esbuild/freebsd-x64': 0.17.19
      '@esbuild/linux-arm': 0.17.19
      '@esbuild/linux-arm64': 0.17.19
      '@esbuild/linux-ia32': 0.17.19
      '@esbuild/linux-loong64': 0.17.19
      '@esbuild/linux-mips64el': 0.17.19
      '@esbuild/linux-ppc64': 0.17.19
      '@esbuild/linux-riscv64': 0.17.19
      '@esbuild/linux-s390x': 0.17.19
      '@esbuild/linux-x64': 0.17.19
      '@esbuild/netbsd-x64': 0.17.19
      '@esbuild/openbsd-x64': 0.17.19
      '@esbuild/sunos-x64': 0.17.19
      '@esbuild/win32-arm64': 0.17.19
      '@esbuild/win32-ia32': 0.17.19
      '@esbuild/win32-x64': 0.17.19

  escape-string-regexp@1.0.5: {}

  globals@11.12.0: {}

  has-flag@3.0.0: {}

  hoist-non-react-statics@3.3.2:
    dependencies:
      react-is: 16.13.1

  js-tokens@4.0.0: {}

  jsesc@2.5.2: {}

  lodash@4.17.21: {}

  loose-envify@1.4.0:
    dependencies:
      js-tokens: 4.0.0

  minimist@1.2.8: {}

  mkdirp@0.5.6:
    dependencies:
      minimist: 1.2.8

  ms@2.1.2: {}

  ms@2.1.3: {}

  opener@1.5.2: {}

  picomatch@2.3.1: {}

  portfinder@1.0.32:
    dependencies:
      async: 2.6.4
      debug: 3.2.7
      mkdirp: 0.5.6
    transitivePeerDependencies:
      - supports-color

  postcss-value-parser@4.2.0: {}

  react-dom@18.2.0(react@18.2.0):
    dependencies:
      loose-envify: 1.4.0
      react: 18.2.0
      scheduler: 0.23.0

  react-is@16.13.1: {}

  react-is@18.2.0: {}

  react@18.2.0:
    dependencies:
      loose-envify: 1.4.0

  scheduler@0.23.0:
    dependencies:
      loose-envify: 1.4.0

  shallowequal@1.1.0: {}

  styled-components@5.3.9(react-dom@18.2.0(react@18.2.0))(react-is@18.2.0)(react@18.2.0):
    dependencies:
      '@babel/helper-module-imports': 7.21.4
      '@babel/traverse': 7.21.5(supports-color@5.5.0)
      '@emotion/is-prop-valid': 1.2.1
      '@emotion/stylis': 0.8.5
      '@emotion/unitless': 0.7.5
      babel-plugin-styled-components: 2.1.3(styled-components@5.3.9(react-dom@18.2.0(react@18.2.0))(react-is@18.2.0)(react@18.2.0))
      css-to-react-native: 3.2.0
      hoist-non-react-statics: 3.3.2
      react: 18.2.0
      react-dom: 18.2.0(react@18.2.0)
      react-is: 18.2.0
      shallowequal: 1.1.0
      supports-color: 5.5.0

  supports-color@5.5.0:
    dependencies:
      has-flag: 3.0.0

  to-fast-properties@2.0.0: {}
